
Microsoft Visual Studio Solution File, Format Version 12.00
# Visual Studio Version 16
VisualStudioVersion = 16.0.31624.102
MinimumVisualStudioVersion = 10.0.40219.1
Project("{FAE04EC0-301F-11D3-BF4B-00C04F79EFBC}") = "ConsoleApp1", "ConsoleApp1\ConsoleApp1.csproj", "{87755505-79A7-4E8B-94CB-38D53AF6C43F}"
EndProject
Global
	GlobalSection(SolutionConfigurationPlatforms) = preSolution
		Debug|Any CPU = Debug|Any CPU
		Release|Any CPU = Release|Any CPU
	EndGlobalSection
	GlobalSection(ProjectConfigurationPlatforms) = postSolution
		{87755505-79A7-4E8B-94CB-38D53AF6C43F}.Debug|Any CPU.ActiveCfg = Debug|Any CPU
		{87755505-79A7-4E8B-94CB-38D53AF6C43F}.Debug|Any CPU.Build.0 = Debug|Any CPU
		{87755505-79A7-4E8B-94CB-38D53AF6C43F}.Release|Any CPU.ActiveCfg = Release|Any CPU
		{87755505-79A7-4E8B-94CB-38D53AF6C43F}.Release|Any CPU.Build.0 = Release|Any CPU
	EndGlobalSection
	GlobalSection(SolutionProperties) = preSolution
		HideSolutionNode = FALSE
	EndGlobalSection
	GlobalSection(ExtensibilityGlobals) = postSolution
		SolutionGuid = {DD19B802-F9BD-4E28-8A04-16382823F239}
	EndGlobalSection
EndGlobal
